
Microsoft Visual Studio Solution File, Format Version 12.00
# Visual Studio Version 17
VisualStudioVersion = 17.6.33717.318
MinimumVisualStudioVersion = 10.0.40219.1
Project("{9A19103F-16F7-4668-BE54-9A1E7A4F7556}") = "WebApplication2", "WebApplication2\WebApplication2.csproj", "{78D2625A-A80D-4DDA-AEFD-A9256CD1BFE9}"
EndProject
Global
	GlobalSection(SolutionConfigurationPlatforms) = preSolution
		Debug|Any CPU = Debug|Any CPU
		Release|Any CPU = Release|Any CPU
	EndGlobalSection
	GlobalSection(ProjectConfigurationPlatforms) = postSolution
		{78D2625A-A80D-4DDA-AEFD-A9256CD1BFE9}.Debug|Any CPU.ActiveCfg = Debug|Any CPU
		{78D2625A-A80D-4DDA-AEFD-A9256CD1BFE9}.Debug|Any CPU.Build.0 = Debug|Any CPU
		{78D2625A-A80D-4DDA-AEFD-A9256CD1BFE9}.Release|Any CPU.ActiveCfg = Release|Any CPU
		{78D2625A-A80D-4DDA-AEFD-A9256CD1BFE9}.Release|Any CPU.Build.0 = Release|Any CPU
	EndGlobalSection
	GlobalSection(SolutionProperties) = preSolution
		HideSolutionNode = FALSE
	EndGlobalSection
	GlobalSection(ExtensibilityGlobals) = postSolution
		SolutionGuid = {ED4D0607-EA4F-4A2C-965F-9269BA0F08E8}
	EndGlobalSection
EndGlobal
